// !$*UTF8*$!
{
	archiveVersion = 1;
	classes = {
	};
	objectVersion = 46;
	objects = {

/* Begin PBXBuildFile section */
		7C235E0B1DBF6E8500628DC9 = {
			isa = PBXBuildFile;
			fileRef = 7C235E0A1DBF6E8500628DC9;
		};
		7C40B9FA1D9D0F6D00620563 = {
			isa = PBXBuildFile;
			fileRef = 7C40B9F91D9D0F6D00620563;
		};
		7C40B9FC1D9D661B00620563 = {
			isa = PBXBuildFile;
			fileRef = 7C40B9FB1D9D661B00620563;
		};
		7C40B9FE1D9D66A600620563 = {
			isa = PBXBuildFile;
			fileRef = 7C40B9FD1D9D66A600620563;
		};
		7C40BA001D9D67CD00620563 = {
			isa = PBXBuildFile;
			fileRef = 7C40B9FF1D9D67CD00620563;
		};
		7C653BC91E09325500199993 = {
			isa = PBXBuildFile;
			fileRef = 7C653BC81E09325500199993;
		};
		C60425081D76F6F400FD3B38 = {
			isa = PBXBuildFile;
			fileRef = C60425071D76F6F400FD3B38;
		};
		C604250A1D76F79F00FD3B38 = {
			isa = PBXBuildFile;
			fileRef = C60425091D76F79F00FD3B38;
		};
		C60425101D78002400FD3B38 = {
			isa = PBXBuildFile;
			fileRef = C604250F1D78002400FD3B38;
		};
		C60425131D7803CA00FD3B38 = {
			isa = PBXBuildFile;
			fileRef = C60425121D7803CA00FD3B38;
		};
		C60BE65F1D6B2BF3006B0364 = {
			isa = PBXBuildFile;
			fileRef = C60BE65E1D6B2BF3006B0364;
			settings = {
				ATTRIBUTES = (
					Public,
				);
			};
		};
		C60BE6661D6B2BF3006B0364 = {
			isa = PBXBuildFile;
			fileRef = C60BE65B1D6B2BF3006B0364;
		};
		C60BE68B1D6B2C46006B0364 = {
			isa = PBXBuildFile;
			fileRef = C60BE67B1D6B2C46006B0364;
		};
		C60BE68C1D6B2C46006B0364 = {
			isa = PBXBuildFile;
			fileRef = C60BE67C1D6B2C46006B0364;
		};
		C60BE68D1D6B2C46006B0364 = {
			isa = PBXBuildFile;
			fileRef = C60BE67D1D6B2C46006B0364;
		};
		C60BE68E1D6B2C46006B0364 = {
			isa = PBXBuildFile;
			fileRef = C60BE67E1D6B2C46006B0364;
		};
		C60BE68F1D6B2C46006B0364 = {
			isa = PBXBuildFile;
			fileRef = C60BE67F1D6B2C46006B0364;
		};
		C60BE6901D6B2C46006B0364 = {
			isa = PBXBuildFile;
			fileRef = C60BE6801D6B2C46006B0364;
		};
		C60BE6911D6B2C46006B0364 = {
			isa = PBXBuildFile;
			fileRef = C60BE6811D6B2C46006B0364;
		};
		C60BE6921D6B2C46006B0364 = {
			isa = PBXBuildFile;
			fileRef = C60BE6821D6B2C46006B0364;
		};
		C60BE6931D6B2C46006B0364 = {
			isa = PBXBuildFile;
			fileRef = C60BE6831D6B2C46006B0364;
		};
		C60BE6A31D6B3807006B0364 = {
			isa = PBXBuildFile;
			fileRef = C60BE6A01D6B3807006B0364;
		};
		C60BE6AD1D6B3E81006B0364 = {
			isa = PBXBuildFile;
			fileRef = C60BE6AC1D6B3E81006B0364;
		};
		C61348B91DACB4F2000F0583 = {
			isa = PBXBuildFile;
			fileRef = C61348B81DACB4F2000F0583;
		};
		C6461F021E01678100E0B081 = {
			isa = PBXBuildFile;
			fileRef = C6461F011E01678100E0B081;
		};
		C6461F051E0167C900E0B081 = {
			isa = PBXBuildFile;
			fileRef = C6461F041E0167C900E0B081;
		};
		C6461F081E0167FA00E0B081 = {
			isa = PBXBuildFile;
			fileRef = C6461F061E0167FA00E0B081;
		};
		C6461F091E0167FA00E0B081 = {
			isa = PBXBuildFile;
			fileRef = C6461F071E0167FA00E0B081;
		};
		C6461F0B1E016C7700E0B081 = {
			isa = PBXBuildFile;
			fileRef = C6461F0A1E016C7700E0B081;
		};
		C65F087B1D757A3C00239CC1 = {
			isa = PBXBuildFile;
			fileRef = C65F087A1D757A3C00239CC1;
		};
		C65F08821D75AC8D00239CC1 = {
			isa = PBXBuildFile;
			fileRef = C65F08811D75AC8D00239CC1;
		};
		C6816E211D87C51C003B699A = {
			isa = PBXBuildFile;
			fileRef = C6816E201D87C51C003B699A;
		};
		C68CC28F1D8BED570019D940 = {
			isa = PBXBuildFile;
			fileRef = C68CC28E1D8BED570019D940;
		};
		C68FF1F51E1A64CB00A2513F = {
			isa = PBXBuildFile;
			fileRef = C68FF1F41E1A64CB00A2513F;
		};
		C699E0771D917501006FE7C6 = {
			isa = PBXBuildFile;
			fileRef = C699E0761D917501006FE7C6;
		};
		C6A5DED41D760CC900BC38B1 = {
			isa = PBXBuildFile;
			fileRef = C6A5DED31D760CC900BC38B1;
		};
		C6A5DED61D760E5000BC38B1 = {
			isa = PBXBuildFile;
			fileRef = C6A5DED51D760E5000BC38B1;
		};
		C6A5DEDA1D76A06000BC38B1 = {
			isa = PBXBuildFile;
			fileRef = C6A5DED91D76A06000BC38B1;
		};
		C6AB45D91DA3DB4D00FD41D2 = {
			isa = PBXBuildFile;
			fileRef = C6AB45D81DA3DB4D00FD41D2;
		};
		C6C395921E03DF9D00413AD2 = {
			isa = PBXBuildFile;
			fileRef = C6C395911E03DF9D00413AD2;
		};
		C6C395941E04212F00413AD2 = {
			isa = PBXBuildFile;
			fileRef = C6C395931E04212F00413AD2;
		};
		C6C395961E0422AF00413AD2 = {
			isa = PBXBuildFile;
			fileRef = C6C395951E0422AF00413AD2;
		};
		C6C86F531D910CE500D6E59E = {
			isa = PBXBuildFile;
			fileRef = C6C86F521D910CE500D6E59E;
		};
		C6F235D51D7DA75000E628D8 = {
			isa = PBXBuildFile;
			fileRef = C6F235D41D7DA75000E628D8;
		};
/* End PBXBuildFile section */

/* Begin PBXContainerItemProxy section */
		C60BE6671D6B2BF3006B0364 = {
			isa = PBXContainerItemProxy;
			containerPortal = C60BE6521D6B2BF3006B0364;
			proxyType = 1;
			remoteGlobalIDString = C60BE65A1D6B2BF3006B0364;
			remoteInfo = DBNetworkStack;
		};
/* End PBXContainerItemProxy section */

/* Begin PBXFileReference section */
		7C235E0A1DBF6E8500628DC9 = {
			isa = PBXFileReference;
			fileEncoding = 4;
			lastKnownFileType = sourcecode.swift;
			path = DBNetworkStackError.swift;
			sourceTree = "<group>";
		};
		7C40B9F91D9D0F6D00620563 = {
			isa = PBXFileReference;
			fileEncoding = 4;
			lastKnownFileType = sourcecode.swift;
			lineEnding = 0;
			path = BaseURLProviding.swift;
			sourceTree = "<group>";
			xcLanguageSpecificationIdentifier = xcode.lang.swift;
		};
		7C40B9FB1D9D661B00620563 = {
			isa = PBXFileReference;
			fileEncoding = 4;
			lastKnownFileType = sourcecode.swift;
			lineEnding = 0;
			path = UploadAccessServiceMock.swift;
			sourceTree = "<group>";
			xcLanguageSpecificationIdentifier = xcode.lang.swift;
		};
		7C40B9FD1D9D66A600620563 = {
			isa = PBXFileReference;
			fileEncoding = 4;
			lastKnownFileType = sourcecode.swift;
			lineEnding = 0;
			path = NetworkTaskMock.swift;
			sourceTree = "<group>";
			xcLanguageSpecificationIdentifier = xcode.lang.swift;
		};
		7C40B9FF1D9D67CD00620563 = {
			isa = PBXFileReference;
			fileEncoding = 4;
			lastKnownFileType = sourcecode.swift;
			lineEnding = 0;
			path = MultipartFormDataUploadServiceTests.swift;
			sourceTree = "<group>";
			xcLanguageSpecificationIdentifier = xcode.lang.swift;
		};
		7C653BC81E09325500199993 = {
			isa = PBXFileReference;
			fileEncoding = 4;
			lastKnownFileType = sourcecode.swift;
			path = NetworkResponseProcessingTests.swift;
			sourceTree = "<group>";
		};
		C60425071D76F6F400FD3B38 = {
			isa = PBXFileReference;
			fileEncoding = 4;
			lastKnownFileType = sourcecode.swift;
			lineEnding = 0;
			path = NetworkAccessProviding.swift;
			sourceTree = "<group>";
			xcLanguageSpecificationIdentifier = xcode.lang.swift;
		};
		C60425091D76F79F00FD3B38 = {
			isa = PBXFileReference;
			fileEncoding = 4;
			lastKnownFileType = sourcecode.swift;
			lineEnding = 0;
			path = NetworkService.swift;
			sourceTree = "<group>";
			xcLanguageSpecificationIdentifier = xcode.lang.swift;
		};
		C604250F1D78002400FD3B38 = {
			isa = PBXFileReference;
			fileEncoding = 4;
			lastKnownFileType = sourcecode.swift;
			lineEnding = 0;
			path = JSONArrayResourceTest.swift;
			sourceTree = "<group>";
			xcLanguageSpecificationIdentifier = xcode.lang.swift;
		};
		C60425121D7803CA00FD3B38 = {
			isa = PBXFileReference;
			fileEncoding = 4;
			lastKnownFileType = sourcecode.swift;
			lineEnding = 0;
			path = ResourceTest.swift;
			sourceTree = "<group>";
			xcLanguageSpecificationIdentifier = xcode.lang.swift;
		};
		C60BE65B1D6B2BF3006B0364 = {
			isa = PBXFileReference;
			explicitFileType = wrapper.framework;
			includeInIndex = 0;
			path = DBNetworkStack.framework;
			sourceTree = BUILT_PRODUCTS_DIR;
		};
		C60BE65E1D6B2BF3006B0364 = {
			isa = PBXFileReference;
			lastKnownFileType = sourcecode.c.h;
			path = DBNetworkStack.h;
			sourceTree = "<group>";
		};
		C60BE6601D6B2BF3006B0364 = {
			isa = PBXFileReference;
			lastKnownFileType = text.plist.xml;
			path = Info.plist;
			sourceTree = "<group>";
		};
		C60BE6651D6B2BF3006B0364 = {
			isa = PBXFileReference;
			explicitFileType = wrapper.cfbundle;
			includeInIndex = 0;
			path = DBNetworkStackTests.xctest;
			sourceTree = BUILT_PRODUCTS_DIR;
		};
		C60BE66C1D6B2BF3006B0364 = {
			isa = PBXFileReference;
			lastKnownFileType = text.plist.xml;
			name = Info.plist;
			path = Source/Info.plist;
			sourceTree = "<group>";
		};
		C60BE67B1D6B2C46006B0364 = {
			isa = PBXFileReference;
			fileEncoding = 4;
			lastKnownFileType = sourcecode.swift;
			lineEnding = 0;
			path = NetworkRequestRepresening.swift;
			sourceTree = "<group>";
			xcLanguageSpecificationIdentifier = xcode.lang.swift;
		};
		C60BE67C1D6B2C46006B0364 = {
			isa = PBXFileReference;
			fileEncoding = 4;
			lastKnownFileType = sourcecode.swift;
			lineEnding = 0;
			path = ResourceModeling.swift;
			sourceTree = "<group>";
			xcLanguageSpecificationIdentifier = xcode.lang.swift;
		};
		C60BE67D1D6B2C46006B0364 = {
			isa = PBXFileReference;
			fileEncoding = 4;
			lastKnownFileType = sourcecode.swift;
			lineEnding = 0;
			path = NetworkServiceProviding.swift;
			sourceTree = "<group>";
			xcLanguageSpecificationIdentifier = xcode.lang.swift;
		};
		C60BE67E1D6B2C46006B0364 = {
			isa = PBXFileReference;
			fileEncoding = 4;
			lastKnownFileType = sourcecode.swift;
			lineEnding = 0;
			path = JSONResourceModeling.swift;
			sourceTree = "<group>";
			xcLanguageSpecificationIdentifier = xcode.lang.swift;
		};
		C60BE67F1D6B2C46006B0364 = {
			isa = PBXFileReference;
			fileEncoding = 4;
			lastKnownFileType = sourcecode.swift;
			path = HTTPMethod.swift;
			sourceTree = "<group>";
		};
		C60BE6801D6B2C46006B0364 = {
			isa = PBXFileReference;
			fileEncoding = 4;
			lastKnownFileType = sourcecode.swift;
			lineEnding = 0;
			path = Resource.swift;
			sourceTree = "<group>";
			xcLanguageSpecificationIdentifier = xcode.lang.swift;
		};
		C60BE6811D6B2C46006B0364 = {
			isa = PBXFileReference;
			fileEncoding = 4;
			lastKnownFileType = sourcecode.swift;
			lineEnding = 0;
			path = JSONResource.swift;
			sourceTree = "<group>";
			xcLanguageSpecificationIdentifier = xcode.lang.swift;
		};
		C60BE6821D6B2C46006B0364 = {
			isa = PBXFileReference;
			fileEncoding = 4;
			lastKnownFileType = sourcecode.swift;
			lineEnding = 0;
			path = JSONArrayResource.swift;
			sourceTree = "<group>";
			xcLanguageSpecificationIdentifier = xcode.lang.swift;
		};
		C60BE6831D6B2C46006B0364 = {
			isa = PBXFileReference;
			fileEncoding = 4;
			lastKnownFileType = sourcecode.swift;
			lineEnding = 0;
			path = NetworkRequest.swift;
			sourceTree = "<group>";
			xcLanguageSpecificationIdentifier = xcode.lang.swift;
		};
		C60BE6A01D6B3807006B0364 = {
			isa = PBXFileReference;
			fileEncoding = 4;
			lastKnownFileType = sourcecode.swift;
			lineEnding = 0;
			path = NetworkServiceTest.swift;
			sourceTree = "<group>";
			xcLanguageSpecificationIdentifier = xcode.lang.swift;
		};
		C60BE6AC1D6B3E81006B0364 = {
			isa = PBXFileReference;
			fileEncoding = 4;
			lastKnownFileType = sourcecode.swift;
			lineEnding = 0;
			path = NetworkTaskRepresenting.swift;
			sourceTree = "<group>";
			xcLanguageSpecificationIdentifier = xcode.lang.swift;
		};
		C61348B81DACB4F2000F0583 = {
			isa = PBXFileReference;
			fileEncoding = 4;
			lastKnownFileType = sourcecode.swift;
			lineEnding = 0;
			path = ArrayResourceModeling.swift;
			sourceTree = "<group>";
			xcLanguageSpecificationIdentifier = xcode.lang.swift;
		};
		C6461F011E01678100E0B081 = {
			isa = PBXFileReference;
			fileEncoding = 4;
			lastKnownFileType = sourcecode.swift;
			path = RetryNetworkService.swift;
			sourceTree = "<group>";
		};
		C6461F041E0167C900E0B081 = {
			isa = PBXFileReference;
			fileEncoding = 4;
			lastKnownFileType = sourcecode.swift;
			path = RetryNetworkTask.swift;
			sourceTree = "<group>";
		};
		C6461F061E0167FA00E0B081 = {
			isa = PBXFileReference;
			fileEncoding = 4;
			lastKnownFileType = sourcecode.swift;
			path = RetryTaskTest.swift;
			sourceTree = "<group>";
		};
		C6461F071E0167FA00E0B081 = {
			isa = PBXFileReference;
			fileEncoding = 4;
			lastKnownFileType = sourcecode.swift;
			path = RetryNetworkserviceTest.swift;
			sourceTree = "<group>";
		};
		C6461F0A1E016C7700E0B081 = {
			isa = PBXFileReference;
			fileEncoding = 4;
			lastKnownFileType = sourcecode.swift;
			path = NetworkServiceMock.swift;
			sourceTree = "<group>";
		};
		C65F087A1D757A3C00239CC1 = {
			isa = PBXFileReference;
			fileEncoding = 4;
			lastKnownFileType = sourcecode.swift;
			path = JSONMappable.swift;
			sourceTree = "<group>";
		};
		C65F08811D75AC8D00239CC1 = {
			isa = PBXFileReference;
			fileEncoding = 4;
			lastKnownFileType = sourcecode.swift;
			path = BaseURLKey.swift;
			sourceTree = "<group>";
		};
		C6816E201D87C51C003B699A = {
			isa = PBXFileReference;
			fileEncoding = 4;
			lastKnownFileType = sourcecode.swift;
			lineEnding = 0;
			path = URLSessionNetworkAccessTest.swift;
			sourceTree = "<group>";
			xcLanguageSpecificationIdentifier = xcode.lang.swift;
		};
		C68CC28E1D8BED570019D940 = {
			isa = PBXFileReference;
			fileEncoding = 4;
			lastKnownFileType = sourcecode.swift;
			path = BaseURLKeyTest.swift;
			sourceTree = "<group>";
		};
		C68FF1F41E1A64CB00A2513F = {
			isa = PBXFileReference;
			fileEncoding = 4;
			lastKnownFileType = sourcecode.swift;
			path = "Ressource+Map.swift";
			sourceTree = "<group>";
		};
		C699E0761D917501006FE7C6 = {
			isa = PBXFileReference;
			fileEncoding = 4;
			lastKnownFileType = sourcecode.swift;
			path = DBNetworkStackErrorTest.swift;
			sourceTree = "<group>";
		};
		C6A5DED31D760CC900BC38B1 = {
			isa = PBXFileReference;
			fileEncoding = 4;
			lastKnownFileType = sourcecode.swift;
			lineEnding = 0;
			path = JSONResourceTest.swift;
			sourceTree = "<group>";
			xcLanguageSpecificationIdentifier = xcode.lang.swift;
		};
		C6A5DED51D760E5000BC38B1 = {
			isa = PBXFileReference;
			fileEncoding = 4;
			lastKnownFileType = sourcecode.swift;
			lineEnding = 0;
			path = NetworkAccessMock.swift;
			sourceTree = "<group>";
			xcLanguageSpecificationIdentifier = xcode.lang.swift;
		};
		C6A5DED91D76A06000BC38B1 = {
			isa = PBXFileReference;
			fileEncoding = 4;
			lastKnownFileType = sourcecode.swift;
			path = TrainModel.swift;
			sourceTree = "<group>";
		};
		C6AB45D81DA3DB4D00FD41D2 = {
			isa = PBXFileReference;
			fileEncoding = 4;
			lastKnownFileType = sourcecode.swift;
			path = MulitpartFormDataRepresentingMock.swift;
			sourceTree = "<group>";
		};
		C6C395911E03DF9D00413AD2 = {
			isa = PBXFileReference;
			fileEncoding = 4;
			lastKnownFileType = sourcecode.swift;
			path = URLSessionProtocolMock.swift;
			sourceTree = "<group>";
		};
		C6C395931E04212F00413AD2 = {
			isa = PBXFileReference;
			fileEncoding = 4;
			lastKnownFileType = sourcecode.swift;
			path = ModifyRequestNetworkService.swift;
			sourceTree = "<group>";
		};
		C6C395951E0422AF00413AD2 = {
			isa = PBXFileReference;
			fileEncoding = 4;
			lastKnownFileType = sourcecode.swift;
			path = ModifyRequestNetworkService.swift;
			sourceTree = "<group>";
		};
		C6C86F521D910CE500D6E59E = {
			isa = PBXFileReference;
			fileEncoding = 4;
			lastKnownFileType = sourcecode.swift;
			lineEnding = 0;
			path = NetworkRequestTest.swift;
			sourceTree = "<group>";
			xcLanguageSpecificationIdentifier = xcode.lang.swift;
		};
		C6F235D41D7DA75000E628D8 = {
			isa = PBXFileReference;
			fileEncoding = 4;
			lastKnownFileType = sourcecode.swift;
			lineEnding = 0;
			path = URLSessionNetworkAccess.swift;
			sourceTree = "<group>";
			xcLanguageSpecificationIdentifier = xcode.lang.swift;
		};
/* End PBXFileReference section */

/* Begin PBXFrameworksBuildPhase section */
		C60BE6571D6B2BF3006B0364 = {
			isa = PBXFrameworksBuildPhase;
			buildActionMask = 2147483647;
			files = (
			);
			runOnlyForDeploymentPostprocessing = 0;
		};
		C60BE6621D6B2BF3006B0364 = {
			isa = PBXFrameworksBuildPhase;
			buildActionMask = 2147483647;
			files = (
				C60BE6661D6B2BF3006B0364,
			);
			runOnlyForDeploymentPostprocessing = 0;
		};
/* End PBXFrameworksBuildPhase section */

/* Begin PBXGroup section */
		C60BE6511D6B2BF3006B0364 = {
			isa = PBXGroup;
			children = (
				C60BE65C1D6B2BF3006B0364,
				C60BE65D1D6B2BF3006B0364,
				C60BE6691D6B2BF3006B0364,
				C60BE66C1D6B2BF3006B0364,
			);
			sourceTree = "<group>";
		};
		C60BE65C1D6B2BF3006B0364 = {
			isa = PBXGroup;
			children = (
				C60BE65B1D6B2BF3006B0364,
				C60BE6651D6B2BF3006B0364,
			);
			name = Products;
			sourceTree = "<group>";
		};
		C60BE65D1D6B2BF3006B0364 = {
			isa = PBXGroup;
			children = (
				C641E59B1E2F9D31004F5857,
				C641E5991E2F9CC9004F5857,
				C641E59A1E2F9CEF004F5857,
				C641E5981E2F9C27004F5857,
				C641E5971E2F9BCB004F5857,
				C65F08811D75AC8D00239CC1,
				7C40B9F91D9D0F6D00620563,
				C60BE65E1D6B2BF3006B0364,
				7C235E0A1DBF6E8500628DC9,
				C60BE67F1D6B2C46006B0364,
				C60BE6601D6B2BF3006B0364,
			);
			path = Source;
			sourceTree = "<group>";
		};
		C60BE6691D6B2BF3006B0364 = {
			isa = PBXGroup;
			children = (
				C641E59C1E2FA838004F5857,
			);
			path = Tests;
			sourceTree = "<group>";
		};
		C641E5971E2F9BCB004F5857 = {
			isa = PBXGroup;
			children = (
				C61348B81DACB4F2000F0583,
				C60BE6821D6B2C46006B0364,
				C65F087A1D757A3C00239CC1,
				C60BE6811D6B2C46006B0364,
				C60BE67E1D6B2C46006B0364,
				C60BE6801D6B2C46006B0364,
				C60BE67C1D6B2C46006B0364,
				C68FF1F41E1A64CB00A2513F,
			);
			path = Ressource;
			sourceTree = "<group>";
		};
		C641E5981E2F9C27004F5857 = {
			isa = PBXGroup;
			children = (
				C60BE6AC1D6B3E81006B0364,
				C6461F041E0167C900E0B081,
			);
			path = NetworkTask;
			sourceTree = "<group>";
		};
		C641E5991E2F9CC9004F5857 = {
			isa = PBXGroup;
			children = (
				C60BE6831D6B2C46006B0364,
				C60BE67B1D6B2C46006B0364,
			);
			path = NetworkRequest;
			sourceTree = "<group>";
		};
		C641E59A1E2F9CEF004F5857 = {
			isa = PBXGroup;
			children = (
				C6C395931E04212F00413AD2,
				C60425091D76F79F00FD3B38,
				C60BE67D1D6B2C46006B0364,
				C6461F011E01678100E0B081,
			);
			path = NetworkService;
			sourceTree = "<group>";
		};
		C641E59B1E2F9D31004F5857 = {
			isa = PBXGroup;
			children = (
				C60425071D76F6F400FD3B38,
				C6F235D41D7DA75000E628D8,
			);
			path = NetworkAccess;
			sourceTree = "<group>";
		};
		C641E59C1E2FA838004F5857 = {
			isa = PBXGroup;
			children = (
				C6A5DED81D76A05300BC38B1,
				C6A5DED21D760C9E00BC38B1,
				C68CC28E1D8BED570019D940,
				C699E0761D917501006FE7C6,
				C604250F1D78002400FD3B38,
				C6A5DED31D760CC900BC38B1,
				C6C395951E0422AF00413AD2,
				7C40B9FF1D9D67CD00620563,
				C6C86F521D910CE500D6E59E,
				7C653BC81E09325500199993,
				C60BE6A01D6B3807006B0364,
				C60425121D7803CA00FD3B38,
				C6461F071E0167FA00E0B081,
				C6461F061E0167FA00E0B081,
				C6816E201D87C51C003B699A,
			);
			name = DBNetworkStackTests;
			path = DBNetworkStackTests;
			sourceTree = "<group>";
		};
		C6A5DED21D760C9E00BC38B1 = {
			isa = PBXGroup;
			children = (
				C6AB45D81DA3DB4D00FD41D2,
				C6A5DED51D760E5000BC38B1,
				C6461F0A1E016C7700E0B081,
				7C40B9FD1D9D66A600620563,
				C6C395911E03DF9D00413AD2,
				7C40B9FB1D9D661B00620563,
			);
			path = Mocks;
			sourceTree = "<group>";
		};
		C6A5DED81D76A05300BC38B1 = {
			isa = PBXGroup;
			children = (
				C6A5DED91D76A06000BC38B1,
			);
			path = Helpers;
			sourceTree = "<group>";
		};
/* End PBXGroup section */

/* Begin PBXHeadersBuildPhase section */
		C60BE6581D6B2BF3006B0364 = {
			isa = PBXHeadersBuildPhase;
			buildActionMask = 2147483647;
			files = (
				C60BE65F1D6B2BF3006B0364,
			);
			runOnlyForDeploymentPostprocessing = 0;
		};
/* End PBXHeadersBuildPhase section */

/* Begin PBXNativeTarget section */
		C60BE65A1D6B2BF3006B0364 = {
			isa = PBXNativeTarget;
			buildConfigurationList = C60BE66F1D6B2BF3006B0364;
			buildPhases = (
				C60BE6561D6B2BF3006B0364,
				C60BE6571D6B2BF3006B0364,
				C60BE6581D6B2BF3006B0364,
				C60BE6591D6B2BF3006B0364,
				C60F0D0D1D9A76B90028C417,
			);
			buildRules = (
			);
			dependencies = (
			);
			name = DBNetworkStack;
			productName = DBNetworkStack;
			productReference = C60BE65B1D6B2BF3006B0364;
			productType = "com.apple.product-type.framework";
		};
		C60BE6641D6B2BF3006B0364 = {
			isa = PBXNativeTarget;
			buildConfigurationList = C60BE6721D6B2BF3006B0364;
			buildPhases = (
				C60BE6611D6B2BF3006B0364,
				C60BE6621D6B2BF3006B0364,
				C60BE6631D6B2BF3006B0364,
			);
			buildRules = (
			);
			dependencies = (
				C60BE6681D6B2BF3006B0364,
			);
			name = DBNetworkStackTests;
			productName = DBNetworkStackTests;
			productReference = C60BE6651D6B2BF3006B0364;
			productType = "com.apple.product-type.bundle.unit-test";
		};
/* End PBXNativeTarget section */

/* Begin PBXProject section */
		C60BE6521D6B2BF3006B0364 = {
			isa = PBXProject;
			attributes = {
				LastSwiftUpdateCheck = 0730;
				LastUpgradeCheck = 0810;
				ORGANIZATIONNAME = DBSystel;
				TargetAttributes = {
					C60BE65A1D6B2BF3006B0364 = {
						CreatedOnToolsVersion = 7.3.1;
						LastSwiftMigration = 0800;
					};
					C60BE6641D6B2BF3006B0364 = {
						CreatedOnToolsVersion = 7.3.1;
						LastSwiftMigration = 0800;
					};
				};
			};
			buildConfigurationList = C60BE6551D6B2BF3006B0364;
			compatibilityVersion = "Xcode 3.2";
			developmentRegion = English;
			hasScannedForEncodings = 0;
			knownRegions = (
				en,
			);
			mainGroup = C60BE6511D6B2BF3006B0364;
			productRefGroup = C60BE65C1D6B2BF3006B0364;
			projectDirPath = "";
			projectReferences = (
			);
			projectRoot = "";
			targets = (
				C60BE65A1D6B2BF3006B0364,
				C60BE6641D6B2BF3006B0364,
			);
		};
/* End PBXProject section */

/* Begin PBXResourcesBuildPhase section */
		C60BE6591D6B2BF3006B0364 = {
			isa = PBXResourcesBuildPhase;
			buildActionMask = 2147483647;
			files = (
			);
			runOnlyForDeploymentPostprocessing = 0;
		};
		C60BE6631D6B2BF3006B0364 = {
			isa = PBXResourcesBuildPhase;
			buildActionMask = 2147483647;
			files = (
			);
			runOnlyForDeploymentPostprocessing = 0;
		};
/* End PBXResourcesBuildPhase section */

/* Begin PBXShellScriptBuildPhase section */
		C60F0D0D1D9A76B90028C417 = {
			isa = PBXShellScriptBuildPhase;
			buildActionMask = 2147483647;
			files = (
			);
			inputPaths = (
			);
			name = "🚧 Swift Lint";
			outputPaths = (
			);
			runOnlyForDeploymentPostprocessing = 0;
			shellPath = /bin/sh;
			shellScript = "if which swiftlint >/dev/null; then\nswiftlint\nelse\necho \"warning: SwiftLint not installed, download from https://github.com/realm/SwiftLint\"\nfi";
		};
/* End PBXShellScriptBuildPhase section */

/* Begin PBXSourcesBuildPhase section */
		C60BE6561D6B2BF3006B0364 = {
			isa = PBXSourcesBuildPhase;
			buildActionMask = 2147483647;
			files = (
				C61348B91DACB4F2000F0583,
				C6C395941E04212F00413AD2,
				C60BE6931D6B2C46006B0364,
				C60BE6911D6B2C46006B0364,
				C60BE6901D6B2C46006B0364,
				C60BE6921D6B2C46006B0364,
				C6461F021E01678100E0B081,
				C65F08821D75AC8D00239CC1,
				7C235E0B1DBF6E8500628DC9,
				C65F087B1D757A3C00239CC1,
				C60BE68E1D6B2C46006B0364,
				C6F235D51D7DA75000E628D8,
				C60BE68C1D6B2C46006B0364,
				C60BE68F1D6B2C46006B0364,
				C68FF1F51E1A64CB00A2513F,
				C604250A1D76F79F00FD3B38,
				C6461F051E0167C900E0B081,
				7C40B9FA1D9D0F6D00620563,
				C60BE6AD1D6B3E81006B0364,
				C60425081D76F6F400FD3B38,
				C60BE68D1D6B2C46006B0364,
				C60BE68B1D6B2C46006B0364,
			);
			runOnlyForDeploymentPostprocessing = 0;
		};
		C60BE6611D6B2BF3006B0364 = {
			isa = PBXSourcesBuildPhase;
			buildActionMask = 2147483647;
			files = (
				C6C395921E03DF9D00413AD2,
				C6C86F531D910CE500D6E59E,
				7C40B9FE1D9D66A600620563,
				C699E0771D917501006FE7C6,
				C6461F0B1E016C7700E0B081,
				C6A5DED61D760E5000BC38B1,
				C60425131D7803CA00FD3B38,
				7C40BA001D9D67CD00620563,
				C6A5DEDA1D76A06000BC38B1,
				C6816E211D87C51C003B699A,
				7C653BC91E09325500199993,
				C6461F081E0167FA00E0B081,
				C6461F091E0167FA00E0B081,
				C60425101D78002400FD3B38,
				C60BE6A31D6B3807006B0364,
				C68CC28F1D8BED570019D940,
				C6C395961E0422AF00413AD2,
				C6AB45D91DA3DB4D00FD41D2,
				7C40B9FC1D9D661B00620563,
				C6A5DED41D760CC900BC38B1,
			);
			runOnlyForDeploymentPostprocessing = 0;
		};
/* End PBXSourcesBuildPhase section */

/* Begin PBXTargetDependency section */
		C60BE6681D6B2BF3006B0364 = {
			isa = PBXTargetDependency;
			target = C60BE65A1D6B2BF3006B0364;
			targetProxy = C60BE6671D6B2BF3006B0364;
		};
/* End PBXTargetDependency section */

/* Begin XCBuildConfiguration section */
		C60BE66D1D6B2BF3006B0364 = {
			isa = XCBuildConfiguration;
			buildSettings = {
				ALWAYS_SEARCH_USER_PATHS = NO;
				CLANG_ANALYZER_NONNULL = YES;
				CLANG_CXX_LANGUAGE_STANDARD = "gnu++0x";
				CLANG_CXX_LIBRARY = "libc++";
				CLANG_ENABLE_MODULES = YES;
				CLANG_ENABLE_OBJC_ARC = YES;
				CLANG_WARN_BOOL_CONVERSION = YES;
				CLANG_WARN_CONSTANT_CONVERSION = YES;
				CLANG_WARN_DIRECT_OBJC_ISA_USAGE = YES_ERROR;
				CLANG_WARN_EMPTY_BODY = YES;
				CLANG_WARN_ENUM_CONVERSION = YES;
				CLANG_WARN_INFINITE_RECURSION = YES;
				CLANG_WARN_INT_CONVERSION = YES;
				CLANG_WARN_OBJC_ROOT_CLASS = YES_ERROR;
				CLANG_WARN_SUSPICIOUS_MOVE = YES;
				CLANG_WARN_UNREACHABLE_CODE = YES;
				CLANG_WARN__DUPLICATE_METHOD_MATCH = YES;
				"CODE_SIGN_IDENTITY[sdk=iphoneos*]" = "iPhone Developer";
				COPY_PHASE_STRIP = NO;
				CURRENT_PROJECT_VERSION = 1;
				DEBUG_INFORMATION_FORMAT = dwarf;
				ENABLE_STRICT_OBJC_MSGSEND = YES;
				ENABLE_TESTABILITY = YES;
				GCC_C_LANGUAGE_STANDARD = gnu99;
				GCC_DYNAMIC_NO_PIC = NO;
				GCC_NO_COMMON_BLOCKS = YES;
				GCC_OPTIMIZATION_LEVEL = 0;
				GCC_PREPROCESSOR_DEFINITIONS = (
					"DEBUG=1",
					"$(inherited)",
				);
				GCC_WARN_64_TO_32_BIT_CONVERSION = YES;
				GCC_WARN_ABOUT_RETURN_TYPE = YES_ERROR;
				GCC_WARN_UNDECLARED_SELECTOR = YES;
				GCC_WARN_UNINITIALIZED_AUTOS = YES_AGGRESSIVE;
				GCC_WARN_UNUSED_FUNCTION = YES;
				GCC_WARN_UNUSED_VARIABLE = YES;
				IPHONEOS_DEPLOYMENT_TARGET = 9.0;
				MACOSX_DEPLOYMENT_TARGET = 10.10;
				MTL_ENABLE_DEBUG_INFO = YES;
				ONLY_ACTIVE_ARCH = YES;
				SDKROOT = iphoneos;
				SUPPORTED_PLATFORMS = "macosx iphoneos iphonesimulator appletvos appletvsimulator watchos watchsimulator";
				SWIFT_OPTIMIZATION_LEVEL = "-Onone";
				SWIFT_VERSION = 3.0;
				TARGETED_DEVICE_FAMILY = "1,2,3,4";
				TVOS_DEPLOYMENT_TARGET = 9.0;
				VERSIONING_SYSTEM = "apple-generic";
				VERSION_INFO_PREFIX = "";
				WATCHOS_DEPLOYMENT_TARGET = 2.0;
			};
			name = Debug;
		};
		C60BE66E1D6B2BF3006B0364 = {
			isa = XCBuildConfiguration;
			buildSettings = {
				ALWAYS_SEARCH_USER_PATHS = NO;
				CLANG_ANALYZER_NONNULL = YES;
				CLANG_CXX_LANGUAGE_STANDARD = "gnu++0x";
				CLANG_CXX_LIBRARY = "libc++";
				CLANG_ENABLE_MODULES = YES;
				CLANG_ENABLE_OBJC_ARC = YES;
				CLANG_WARN_BOOL_CONVERSION = YES;
				CLANG_WARN_CONSTANT_CONVERSION = YES;
				CLANG_WARN_DIRECT_OBJC_ISA_USAGE = YES_ERROR;
				CLANG_WARN_EMPTY_BODY = YES;
				CLANG_WARN_ENUM_CONVERSION = YES;
				CLANG_WARN_INFINITE_RECURSION = YES;
				CLANG_WARN_INT_CONVERSION = YES;
				CLANG_WARN_OBJC_ROOT_CLASS = YES_ERROR;
				CLANG_WARN_SUSPICIOUS_MOVE = YES;
				CLANG_WARN_UNREACHABLE_CODE = YES;
				CLANG_WARN__DUPLICATE_METHOD_MATCH = YES;
				"CODE_SIGN_IDENTITY[sdk=iphoneos*]" = "iPhone Developer";
				COPY_PHASE_STRIP = NO;
				CURRENT_PROJECT_VERSION = 1;
				DEBUG_INFORMATION_FORMAT = "dwarf-with-dsym";
				ENABLE_NS_ASSERTIONS = NO;
				ENABLE_STRICT_OBJC_MSGSEND = YES;
				GCC_C_LANGUAGE_STANDARD = gnu99;
				GCC_NO_COMMON_BLOCKS = YES;
				GCC_WARN_64_TO_32_BIT_CONVERSION = YES;
				GCC_WARN_ABOUT_RETURN_TYPE = YES_ERROR;
				GCC_WARN_UNDECLARED_SELECTOR = YES;
				GCC_WARN_UNINITIALIZED_AUTOS = YES_AGGRESSIVE;
				GCC_WARN_UNUSED_FUNCTION = YES;
				GCC_WARN_UNUSED_VARIABLE = YES;
				IPHONEOS_DEPLOYMENT_TARGET = 9.0;
				MACOSX_DEPLOYMENT_TARGET = 10.10;
				MTL_ENABLE_DEBUG_INFO = NO;
				SDKROOT = iphoneos;
				SUPPORTED_PLATFORMS = "macosx iphoneos iphonesimulator appletvos appletvsimulator watchos watchsimulator";
				SWIFT_OPTIMIZATION_LEVEL = "-Owholemodule";
				SWIFT_VERSION = 3.0;
				TARGETED_DEVICE_FAMILY = "1,2,3,4";
				TVOS_DEPLOYMENT_TARGET = 9.0;
				VALIDATE_PRODUCT = YES;
				VERSIONING_SYSTEM = "apple-generic";
				VERSION_INFO_PREFIX = "";
				WATCHOS_DEPLOYMENT_TARGET = 2.0;
			};
			name = Release;
		};
		C60BE6701D6B2BF3006B0364 = {
			isa = XCBuildConfiguration;
			buildSettings = {
				APPLICATION_EXTENSION_API_ONLY = YES;
				CLANG_ENABLE_MODULES = YES;
				CODE_SIGN_IDENTITY = "";
				"CODE_SIGN_IDENTITY[sdk=iphoneos*]" = "";
				DEFINES_MODULE = YES;
				DYLIB_COMPATIBILITY_VERSION = 1;
				DYLIB_CURRENT_VERSION = 1;
				DYLIB_INSTALL_NAME_BASE = "@rpath";
				FRAMEWORK_SEARCH_PATHS = "$(inherited)";
				INFOPLIST_FILE = Source/Info.plist;
				INSTALL_PATH = "$(LOCAL_LIBRARY_DIR)/Frameworks";
				LD_RUNPATH_SEARCH_PATHS = "$(inherited) @executable_path/Frameworks @loader_path/Frameworks";
				PRODUCT_BUNDLE_IDENTIFIER = com.dbsystel.DBNetworkStack;
				PRODUCT_NAME = "$(TARGET_NAME)";
				SKIP_INSTALL = YES;
				SWIFT_OPTIMIZATION_LEVEL = "-Onone";
				SWIFT_VERSION = 3.0;
			};
			name = Debug;
		};
		C60BE6711D6B2BF3006B0364 = {
			isa = XCBuildConfiguration;
			buildSettings = {
				APPLICATION_EXTENSION_API_ONLY = YES;
				CLANG_ENABLE_MODULES = YES;
				CODE_SIGN_IDENTITY = "";
				"CODE_SIGN_IDENTITY[sdk=iphoneos*]" = "";
				DEFINES_MODULE = YES;
				DYLIB_COMPATIBILITY_VERSION = 1;
				DYLIB_CURRENT_VERSION = 1;
				DYLIB_INSTALL_NAME_BASE = "@rpath";
				FRAMEWORK_SEARCH_PATHS = "$(inherited)";
				INFOPLIST_FILE = Source/Info.plist;
				INSTALL_PATH = "$(LOCAL_LIBRARY_DIR)/Frameworks";
				LD_RUNPATH_SEARCH_PATHS = "$(inherited) @executable_path/Frameworks @loader_path/Frameworks";
				PRODUCT_BUNDLE_IDENTIFIER = com.dbsystel.DBNetworkStack;
				PRODUCT_NAME = "$(TARGET_NAME)";
				SKIP_INSTALL = YES;
				SWIFT_VERSION = 3.0;
			};
			name = Release;
		};
		C60BE6731D6B2BF3006B0364 = {
			isa = XCBuildConfiguration;
			buildSettings = {
				FRAMEWORK_SEARCH_PATHS = "$(inherited)";
				INFOPLIST_FILE = Tests/Info.plist;
				LD_RUNPATH_SEARCH_PATHS = "$(inherited) @executable_path/Frameworks @loader_path/Frameworks";
				"LD_RUNPATH_SEARCH_PATHS[sdk=macosx*]" = "@executable_path/../Frameworks @loader_path/../Frameworks";
				PRODUCT_BUNDLE_IDENTIFIER = com.dbsystel.DBNetworkStackTests;
				PRODUCT_NAME = "$(TARGET_NAME)";
				SWIFT_VERSION = 3.0;
			};
			name = Debug;
		};
		C60BE6741D6B2BF3006B0364 = {
			isa = XCBuildConfiguration;
			buildSettings = {
				FRAMEWORK_SEARCH_PATHS = "$(inherited)";
				INFOPLIST_FILE = Tests/Info.plist;
				LD_RUNPATH_SEARCH_PATHS = "$(inherited) @executable_path/Frameworks @loader_path/Frameworks";
				"LD_RUNPATH_SEARCH_PATHS[sdk=macosx*]" = "@executable_path/../Frameworks @loader_path/../Frameworks";
				PRODUCT_BUNDLE_IDENTIFIER = com.dbsystel.DBNetworkStackTests;
				PRODUCT_NAME = "$(TARGET_NAME)";
				SWIFT_VERSION = 3.0;
			};
			name = Release;
		};
/* End XCBuildConfiguration section */

/* Begin XCConfigurationList section */
		C60BE6551D6B2BF3006B0364 = {
			isa = XCConfigurationList;
			buildConfigurations = (
				C60BE66D1D6B2BF3006B0364,
				C60BE66E1D6B2BF3006B0364,
			);
			defaultConfigurationIsVisible = 0;
			defaultConfigurationName = Release;
		};
		C60BE66F1D6B2BF3006B0364 = {
			isa = XCConfigurationList;
			buildConfigurations = (
				C60BE6701D6B2BF3006B0364,
				C60BE6711D6B2BF3006B0364,
			);
			defaultConfigurationIsVisible = 0;
			defaultConfigurationName = Release;
		};
		C60BE6721D6B2BF3006B0364 = {
			isa = XCConfigurationList;
			buildConfigurations = (
				C60BE6731D6B2BF3006B0364,
				C60BE6741D6B2BF3006B0364,
			);
			defaultConfigurationIsVisible = 0;
			defaultConfigurationName = Release;
		};
/* End XCConfigurationList section */
	};
	rootObject = C60BE6521D6B2BF3006B0364;
}
